
Microsoft Visual Studio Solution File, Format Version 12.00
# Visual Studio Version 16
VisualStudioVersion = 16.0.31205.134
MinimumVisualStudioVersion = 10.0.40219.1
Project("{FAE04EC0-301F-11D3-BF4B-00C04F79EFBC}") = "ConsoleApp", "ConsoleApp\ConsoleApp.csproj", "{0BBA88B5-CA83-417B-8B71-6F15D3E1CA8A}"
EndProject
Global
	GlobalSection(SolutionConfigurationPlatforms) = preSolution
		Debug|Any CPU = Debug|Any CPU
		Release|Any CPU = Release|Any CPU
	EndGlobalSection
	GlobalSection(ProjectConfigurationPlatforms) = postSolution
		{0BBA88B5-CA83-417B-8B71-6F15D3E1CA8A}.Debug|Any CPU.ActiveCfg = Debug|Any CPU
		{0BBA88B5-CA83-417B-8B71-6F15D3E1CA8A}.Debug|Any CPU.Build.0 = Debug|Any CPU
		{0BBA88B5-CA83-417B-8B71-6F15D3E1CA8A}.Release|Any CPU.ActiveCfg = Release|Any CPU
		{0BBA88B5-CA83-417B-8B71-6F15D3E1CA8A}.Release|Any CPU.Build.0 = Release|Any CPU
	EndGlobalSection
	GlobalSection(SolutionProperties) = preSolution
		HideSolutionNode = FALSE
	EndGlobalSection
	GlobalSection(ExtensibilityGlobals) = postSolution
		SolutionGuid = {2F5D7317-3F0C-42D5-A984-613900CFAC93}
	EndGlobalSection
EndGlobal
